
Microsoft Visual Studio Solution File, Format Version 12.00
# Visual Studio Version 17
VisualStudioVersion = 17.4.33213.308
MinimumVisualStudioVersion = 10.0.40219.1
Project("{FAE04EC0-301F-11D3-BF4B-00C04F79EFBC}") = "SortEvenNumbers", "SortEvenNumbers\SortEvenNumbers.csproj", "{AFFF6640-E8A8-4DCC-A2D8-DA67436ACFC4}"
EndProject
Global
	GlobalSection(SolutionConfigurationPlatforms) = preSolution
		Debug|Any CPU = Debug|Any CPU
		Release|Any CPU = Release|Any CPU
	EndGlobalSection
	GlobalSection(ProjectConfigurationPlatforms) = postSolution
		{AFFF6640-E8A8-4DCC-A2D8-DA67436ACFC4}.Debug|Any CPU.ActiveCfg = Debug|Any CPU
		{AFFF6640-E8A8-4DCC-A2D8-DA67436ACFC4}.Debug|Any CPU.Build.0 = Debug|Any CPU
		{AFFF6640-E8A8-4DCC-A2D8-DA67436ACFC4}.Release|Any CPU.ActiveCfg = Release|Any CPU
		{AFFF6640-E8A8-4DCC-A2D8-DA67436ACFC4}.Release|Any CPU.Build.0 = Release|Any CPU
	EndGlobalSection
	GlobalSection(SolutionProperties) = preSolution
		HideSolutionNode = FALSE
	EndGlobalSection
	GlobalSection(ExtensibilityGlobals) = postSolution
		SolutionGuid = {36F450F6-097A-4C26-9654-067F476A3AEA}
	EndGlobalSection
EndGlobal
