
Microsoft Visual Studio Solution File, Format Version 12.00
# Visual Studio Version 17
VisualStudioVersion = 17.4.33213.308
MinimumVisualStudioVersion = 10.0.40219.1
Project("{FAE04EC0-301F-11D3-BF4B-00C04F79EFBC}") = "Square Root", "Square Root\Square Root.csproj", "{0AFCDF42-E45B-4BCE-8F3B-7611C9D60EEA}"
EndProject
Project("{FAE04EC0-301F-11D3-BF4B-00C04F79EFBC}") = "EnterNumbers", "EnterNumbers\EnterNumbers.csproj", "{F544F8E7-E7BC-4E0E-8105-AB2EC4DAE0F6}"
EndProject
Global
	GlobalSection(SolutionConfigurationPlatforms) = preSolution
		Debug|Any CPU = Debug|Any CPU
		Release|Any CPU = Release|Any CPU
	EndGlobalSection
	GlobalSection(ProjectConfigurationPlatforms) = postSolution
		{0AFCDF42-E45B-4BCE-8F3B-7611C9D60EEA}.Debug|Any CPU.ActiveCfg = Debug|Any CPU
		{0AFCDF42-E45B-4BCE-8F3B-7611C9D60EEA}.Debug|Any CPU.Build.0 = Debug|Any CPU
		{0AFCDF42-E45B-4BCE-8F3B-7611C9D60EEA}.Release|Any CPU.ActiveCfg = Release|Any CPU
		{0AFCDF42-E45B-4BCE-8F3B-7611C9D60EEA}.Release|Any CPU.Build.0 = Release|Any CPU
		{F544F8E7-E7BC-4E0E-8105-AB2EC4DAE0F6}.Debug|Any CPU.ActiveCfg = Debug|Any CPU
		{F544F8E7-E7BC-4E0E-8105-AB2EC4DAE0F6}.Debug|Any CPU.Build.0 = Debug|Any CPU
		{F544F8E7-E7BC-4E0E-8105-AB2EC4DAE0F6}.Release|Any CPU.ActiveCfg = Release|Any CPU
		{F544F8E7-E7BC-4E0E-8105-AB2EC4DAE0F6}.Release|Any CPU.Build.0 = Release|Any CPU
	EndGlobalSection
	GlobalSection(SolutionProperties) = preSolution
		HideSolutionNode = FALSE
	EndGlobalSection
	GlobalSection(ExtensibilityGlobals) = postSolution
		SolutionGuid = {565D1EE9-5412-48CD-9012-D8E35100F52D}
	EndGlobalSection
EndGlobal
